
Microsoft Visual Studio Solution File, Format Version 12.00
# Visual Studio Version 16
VisualStudioVersion = 16.0.31515.178
MinimumVisualStudioVersion = 10.0.40219.1
Project("{9A19103F-16F7-4668-BE54-9A1E7A4F7556}") = "E-mail search", "E-mail search\E-mail search.csproj", "{27AB8596-A004-4CFF-A045-2164E9CE46EB}"
EndProject
Project("{9A19103F-16F7-4668-BE54-9A1E7A4F7556}") = "E-mail search.Test", "E-mail search.Test\E-mail search.Test.csproj", "{205946DE-D706-49C1-9ECB-8F734CBD1DC1}"
EndProject
Global
	GlobalSection(SolutionConfigurationPlatforms) = preSolution
		Debug|Any CPU = Debug|Any CPU
		Release|Any CPU = Release|Any CPU
	EndGlobalSection
	GlobalSection(ProjectConfigurationPlatforms) = postSolution
		{27AB8596-A004-4CFF-A045-2164E9CE46EB}.Debug|Any CPU.ActiveCfg = Debug|Any CPU
		{27AB8596-A004-4CFF-A045-2164E9CE46EB}.Debug|Any CPU.Build.0 = Debug|Any CPU
		{27AB8596-A004-4CFF-A045-2164E9CE46EB}.Release|Any CPU.ActiveCfg = Release|Any CPU
		{27AB8596-A004-4CFF-A045-2164E9CE46EB}.Release|Any CPU.Build.0 = Release|Any CPU
		{205946DE-D706-49C1-9ECB-8F734CBD1DC1}.Debug|Any CPU.ActiveCfg = Debug|Any CPU
		{205946DE-D706-49C1-9ECB-8F734CBD1DC1}.Debug|Any CPU.Build.0 = Debug|Any CPU
		{205946DE-D706-49C1-9ECB-8F734CBD1DC1}.Release|Any CPU.ActiveCfg = Release|Any CPU
		{205946DE-D706-49C1-9ECB-8F734CBD1DC1}.Release|Any CPU.Build.0 = Release|Any CPU
	EndGlobalSection
	GlobalSection(SolutionProperties) = preSolution
		HideSolutionNode = FALSE
	EndGlobalSection
	GlobalSection(ExtensibilityGlobals) = postSolution
		SolutionGuid = {ACE5A55C-4CA7-4BDA-A516-3B64E0B0B6C6}
	EndGlobalSection
EndGlobal
