
Microsoft Visual Studio Solution File, Format Version 12.00
# Visual Studio Version 16
VisualStudioVersion = 16.0.31515.178
MinimumVisualStudioVersion = 10.0.40219.1
Project("{FAE04EC0-301F-11D3-BF4B-00C04F79EFBC}") = "Airport", "Airport\Airport.csproj", "{DEC0CE75-1988-4919-A308-BEBD2BBC97C9}"
EndProject
Global
	GlobalSection(SolutionConfigurationPlatforms) = preSolution
		Debug|Any CPU = Debug|Any CPU
		Release|Any CPU = Release|Any CPU
	EndGlobalSection
	GlobalSection(ProjectConfigurationPlatforms) = postSolution
		{DEC0CE75-1988-4919-A308-BEBD2BBC97C9}.Debug|Any CPU.ActiveCfg = Debug|Any CPU
		{DEC0CE75-1988-4919-A308-BEBD2BBC97C9}.Debug|Any CPU.Build.0 = Debug|Any CPU
		{DEC0CE75-1988-4919-A308-BEBD2BBC97C9}.Release|Any CPU.ActiveCfg = Release|Any CPU
		{DEC0CE75-1988-4919-A308-BEBD2BBC97C9}.Release|Any CPU.Build.0 = Release|Any CPU
	EndGlobalSection
	GlobalSection(SolutionProperties) = preSolution
		HideSolutionNode = FALSE
	EndGlobalSection
	GlobalSection(ExtensibilityGlobals) = postSolution
		SolutionGuid = {5FC997D2-0BBA-4984-9E95-784673E661D9}
	EndGlobalSection
EndGlobal
