
Microsoft Visual Studio Solution File, Format Version 12.00
# Visual Studio Version 16
VisualStudioVersion = 16.0.31515.178
MinimumVisualStudioVersion = 10.0.40219.1
Project("{9A19103F-16F7-4668-BE54-9A1E7A4F7556}") = "api", "api\api.csproj", "{C027E267-93CF-4681-9A33-3CD5D3D18D8F}"
EndProject
Global
	GlobalSection(SolutionConfigurationPlatforms) = preSolution
		Debug|Any CPU = Debug|Any CPU
		Release|Any CPU = Release|Any CPU
	EndGlobalSection
	GlobalSection(ProjectConfigurationPlatforms) = postSolution
		{C027E267-93CF-4681-9A33-3CD5D3D18D8F}.Debug|Any CPU.ActiveCfg = Debug|Any CPU
		{C027E267-93CF-4681-9A33-3CD5D3D18D8F}.Debug|Any CPU.Build.0 = Debug|Any CPU
		{C027E267-93CF-4681-9A33-3CD5D3D18D8F}.Release|Any CPU.ActiveCfg = Release|Any CPU
		{C027E267-93CF-4681-9A33-3CD5D3D18D8F}.Release|Any CPU.Build.0 = Release|Any CPU
	EndGlobalSection
	GlobalSection(SolutionProperties) = preSolution
		HideSolutionNode = FALSE
	EndGlobalSection
	GlobalSection(ExtensibilityGlobals) = postSolution
		SolutionGuid = {6A819F08-FA8E-4E87-87D3-2128A2A19E2A}
	EndGlobalSection
EndGlobal
