
Microsoft Visual Studio Solution File, Format Version 12.00
# Visual Studio Version 16
VisualStudioVersion = 16.0.31515.178
MinimumVisualStudioVersion = 10.0.40219.1
Project("{9A19103F-16F7-4668-BE54-9A1E7A4F7556}") = "Sum of sequence", "Sum of sequence\Sum of sequence.csproj", "{2A81025F-EF2A-4E89-B201-A041BFBA10B1}"
EndProject
Project("{FAE04EC0-301F-11D3-BF4B-00C04F79EFBC}") = "Sum of sequence.Test", "Sum of sequence.Test\Sum of sequence.Test.csproj", "{89D74E3A-9194-481D-A3C9-20816C811E63}"
EndProject
Global
	GlobalSection(SolutionConfigurationPlatforms) = preSolution
		Debug|Any CPU = Debug|Any CPU
		Release|Any CPU = Release|Any CPU
	EndGlobalSection
	GlobalSection(ProjectConfigurationPlatforms) = postSolution
		{2A81025F-EF2A-4E89-B201-A041BFBA10B1}.Debug|Any CPU.ActiveCfg = Debug|Any CPU
		{2A81025F-EF2A-4E89-B201-A041BFBA10B1}.Debug|Any CPU.Build.0 = Debug|Any CPU
		{2A81025F-EF2A-4E89-B201-A041BFBA10B1}.Release|Any CPU.ActiveCfg = Release|Any CPU
		{2A81025F-EF2A-4E89-B201-A041BFBA10B1}.Release|Any CPU.Build.0 = Release|Any CPU
		{89D74E3A-9194-481D-A3C9-20816C811E63}.Debug|Any CPU.ActiveCfg = Debug|Any CPU
		{89D74E3A-9194-481D-A3C9-20816C811E63}.Debug|Any CPU.Build.0 = Debug|Any CPU
		{89D74E3A-9194-481D-A3C9-20816C811E63}.Release|Any CPU.ActiveCfg = Release|Any CPU
		{89D74E3A-9194-481D-A3C9-20816C811E63}.Release|Any CPU.Build.0 = Release|Any CPU
	EndGlobalSection
	GlobalSection(SolutionProperties) = preSolution
		HideSolutionNode = FALSE
	EndGlobalSection
	GlobalSection(ExtensibilityGlobals) = postSolution
		SolutionGuid = {8C816D39-E32C-46E7-AA2F-AFAF2283974C}
	EndGlobalSection
EndGlobal
